// !$*UTF8*$!
{
	archiveVersion = 1;
	classes = {
	};
	objectVersion = 77;
	objects = {

/* Begin PBXContainerItemProxy section */
		6B4B5FB12D7D1115004104D5 /* PBXContainerItemProxy */ = {
			isa = PBXContainerItemProxy;
			containerPortal = 6B4B5F982D7D1114004104D5 /* Project object */;
			proxyType = 1;
			remoteGlobalIDString = 6B4B5F9F2D7D1114004104D5;
			remoteInfo = MadnessChatBot;
		};
		6B4B5FBB2D7D1115004104D5 /* PBXContainerItemProxy */ = {
			isa = PBXContainerItemProxy;
			containerPortal = 6B4B5F982D7D1114004104D5 /* Project object */;
			proxyType = 1;
			remoteGlobalIDString = 6B4B5F9F2D7D1114004104D5;
			remoteInfo = MadnessChatBot;
		};
/* End PBXContainerItemProxy section */

/* Begin PBXFileReference section */
		6B4B5FA02D7D1114004104D5 /* MadnessChatBot.app */ = {isa = PBXFileReference; explicitFileType = wrapper.application; includeInIndex = 0; path = MadnessChatBot.app; sourceTree = BUILT_PRODUCTS_DIR; };
		6B4B5FB02D7D1115004104D5 /* MadnessChatBotTests.xctest */ = {isa = PBXFileReference; explicitFileType = wrapper.cfbundle; includeInIndex = 0; path = MadnessChatBotTests.xctest; sourceTree = BUILT_PRODUCTS_DIR; };
		6B4B5FBA2D7D1115004104D5 /* MadnessChatBotUITests.xctest */ = {isa = PBXFileReference; explicitFileType = wrapper.cfbundle; includeInIndex = 0; path = MadnessChatBotUITests.xctest; sourceTree = BUILT_PRODUCTS_DIR; };
/* End PBXFileReference section */

/* Begin PBXFileSystemSynchronizedRootGroup section */
		6B4B5FA22D7D1114004104D5 /* MadnessChatBot */ = {
			isa = PBXFileSystemSynchronizedRootGroup;
			path = MadnessChatBot;
			sourceTree = "<group>";
		};
		6B4B5FB32D7D1115004104D5 /* MadnessChatBotTests */ = {
			isa = PBXFileSystemSynchronizedRootGroup;
			path = MadnessChatBotTests;
			sourceTree = "<group>";
		};
		6B4B5FBD2D7D1115004104D5 /* MadnessChatBotUITests */ = {
			isa = PBXFileSystemSynchronizedRootGroup;
			path = MadnessChatBotUITests;
			sourceTree = "<group>";
		};
/* End PBXFileSystemSynchronizedRootGroup section */

/* Begin PBXFrameworksBuildPhase section */
		6B4B5F9D2D7D1114004104D5 /* Frameworks */ = {
			isa = PBXFrameworksBuildPhase;
			buildActionMask = 2147483647;
			files = (
			);
			runOnlyForDeploymentPostprocessing = 0;
		};
		6B4B5FAD2D7D1115004104D5 /* Frameworks */ = {
			isa = PBXFrameworksBuildPhase;
			buildActionMask = 2147483647;
			files = (
			);
			runOnlyForDeploymentPostprocessing = 0;
		};
		6B4B5FB72D7D1115004104D5 /* Frameworks */ = {
			isa = PBXFrameworksBuildPhase;
			buildActionMask = 2147483647;
			files = (
			);
			runOnlyForDeploymentPostprocessing = 0;
		};
/* End PBXFrameworksBuildPhase section */

/* Begin PBXGroup section */
		6B4B5F972D7D1114004104D5 = {
			isa = PBXGroup;
			children = (
				6B4B5FA22D7D1114004104D5 /* MadnessChatBot */,
				6B4B5FB32D7D1115004104D5 /* MadnessChatBotTests */,
				6B4B5FBD2D7D1115004104D5 /* MadnessChatBotUITests */,
				6B4B5FA12D7D1114004104D5 /* Products */,
			);
			sourceTree = "<group>";
		};
		6B4B5FA12D7D1114004104D5 /* Products */ = {
			isa = PBXGroup;
			children = (
				6B4B5FA02D7D1114004104D5 /* MadnessChatBot.app */,
				6B4B5FB02D7D1115004104D5 /* MadnessChatBotTests.xctest */,
				6B4B5FBA2D7D1115004104D5 /* MadnessChatBotUITests.xctest */,
			);
			name = Products;
			sourceTree = "<group>";
		};
/* End PBXGroup section */

/* Begin PBXNativeTarget section */
		6B4B5F9F2D7D1114004104D5 /* MadnessChatBot */ = {
			isa = PBXNativeTarget;
			buildConfigurationList = 6B4B5FC42D7D1115004104D5 /* Build configuration list for PBXNativeTarget "MadnessChatBot" */;
			buildPhases = (
				6B4B5F9C2D7D1114004104D5 /* Sources */,
				6B4B5F9D2D7D1114004104D5 /* Frameworks */,
				6B4B5F9E2D7D1114004104D5 /* Resources */,
			);
			buildRules = (
			);
			dependencies = (
			);
			fileSystemSynchronizedGroups = (
				6B4B5FA22D7D1114004104D5 /* MadnessChatBot */,
			);
			name = MadnessChatBot;
			packageProductDependencies = (
			);
			productName = MadnessChatBot;
			productReference = 6B4B5FA02D7D1114004104D5 /* MadnessChatBot.app */;
			productType = "com.apple.product-type.application";
		};
		6B4B5FAF2D7D1115004104D5 /* MadnessChatBotTests */ = {
			isa = PBXNativeTarget;
			buildConfigurationList = 6B4B5FC72D7D1115004104D5 /* Build configuration list for PBXNativeTarget "MadnessChatBotTests" */;
			buildPhases = (
				6B4B5FAC2D7D1115004104D5 /* Sources */,
				6B4B5FAD2D7D1115004104D5 /* Frameworks */,
				6B4B5FAE2D7D1115004104D5 /* Resources */,
			);
			buildRules = (
			);
			dependencies = (
				6B4B5FB22D7D1115004104D5 /* PBXTargetDependency */,
			);
			fileSystemSynchronizedGroups = (
				6B4B5FB32D7D1115004104D5 /* MadnessChatBotTests */,
			);
			name = MadnessChatBotTests;
			packageProductDependencies = (
			);
			productName = MadnessChatBotTests;
			productReference = 6B4B5FB02D7D1115004104D5 /* MadnessChatBotTests.xctest */;
			productType = "com.apple.product-type.bundle.unit-test";
		};
		6B4B5FB92D7D1115004104D5 /* MadnessChatBotUITests */ = {
			isa = PBXNativeTarget;
			buildConfigurationList = 6B4B5FCA2D7D1115004104D5 /* Build configuration list for PBXNativeTarget "MadnessChatBotUITests" */;
			buildPhases = (
				6B4B5FB62D7D1115004104D5 /* Sources */,
				6B4B5FB72D7D1115004104D5 /* Frameworks */,
				6B4B5FB82D7D1115004104D5 /* Resources */,
			);
			buildRules = (
			);
			dependencies = (
				6B4B5FBC2D7D1115004104D5 /* PBXTargetDependency */,
			);
			fileSystemSynchronizedGroups = (
				6B4B5FBD2D7D1115004104D5 /* MadnessChatBotUITests */,
			);
			name = MadnessChatBotUITests;
			packageProductDependencies = (
			);
			productName = MadnessChatBotUITests;
			productReference = 6B4B5FBA2D7D1115004104D5 /* MadnessChatBotUITests.xctest */;
			productType = "com.apple.product-type.bundle.ui-testing";
		};
/* End PBXNativeTarget section */

/* Begin PBXProject section */
		6B4B5F982D7D1114004104D5 /* Project object */ = {
			isa = PBXProject;
			attributes = {
				BuildIndependentTargetsInParallel = 1;
				LastSwiftUpdateCheck = 1620;
				LastUpgradeCheck = 1620;
				TargetAttributes = {
					6B4B5F9F2D7D1114004104D5 = {
						CreatedOnToolsVersion = 16.2;
					};
					6B4B5FAF2D7D1115004104D5 = {
						CreatedOnToolsVersion = 16.2;
						TestTargetID = 6B4B5F9F2D7D1114004104D5;
					};
					6B4B5FB92D7D1115004104D5 = {
						CreatedOnToolsVersion = 16.2;
						TestTargetID = 6B4B5F9F2D7D1114004104D5;
					};
				};
			};
			buildConfigurationList = 6B4B5F9B2D7D1114004104D5 /* Build configuration list for PBXProject "MadnessChatBot" */;
			developmentRegion = en;
			hasScannedForEncodings = 0;
			knownRegions = (
				en,
				Base,
			);
			mainGroup = 6B4B5F972D7D1114004104D5;
			minimizedProjectReferenceProxies = 1;
			preferredProjectObjectVersion = 77;
			productRefGroup = 6B4B5FA12D7D1114004104D5 /* Products */;
			projectDirPath = "";
			projectRoot = "";
			targets = (
				6B4B5F9F2D7D1114004104D5 /* MadnessChatBot */,
				6B4B5FAF2D7D1115004104D5 /* MadnessChatBotTests */,
				6B4B5FB92D7D1115004104D5 /* MadnessChatBotUITests */,
			);
		};
/* End PBXProject section */

/* Begin PBXResourcesBuildPhase section */
		6B4B5F9E2D7D1114004104D5 /* Resources */ = {
			isa = PBXResourcesBuildPhase;
			buildActionMask = 2147483647;
			files = (
			);
			runOnlyForDeploymentPostprocessing = 0;
		};
		6B4B5FAE2D7D1115004104D5 /* Resources */ = {
			isa = PBXResourcesBuildPhase;
			buildActionMask = 2147483647;
			files = (
			);
			runOnlyForDeploymentPostprocessing = 0;
		};
		6B4B5FB82D7D1115004104D5 /* Resources */ = {
			isa = PBXResourcesBuildPhase;
			buildActionMask = 2147483647;
			files = (
			);
			runOnlyForDeploymentPostprocessing = 0;
		};
/* End PBXResourcesBuildPhase section */

/* Begin PBXSourcesBuildPhase section */
		6B4B5F9C2D7D1114004104D5 /* Sources */ = {
			isa = PBXSourcesBuildPhase;
			buildActionMask = 2147483647;
			files = (
			);
			runOnlyForDeploymentPostprocessing = 0;
		};
		6B4B5FAC2D7D1115004104D5 /* Sources */ = {
			isa = PBXSourcesBuildPhase;
			buildActionMask = 2147483647;
			files = (
			);
			runOnlyForDeploymentPostprocessing = 0;
		};
		6B4B5FB62D7D1115004104D5 /* Sources */ = {
			isa = PBXSourcesBuildPhase;
			buildActionMask = 2147483647;
			files = (
			);
			runOnlyForDeploymentPostprocessing = 0;
		};
/* End PBXSourcesBuildPhase section */

/* Begin PBXTargetDependency section */
		6B4B5FB22D7D1115004104D5 /* PBXTargetDependency */ = {
			isa = PBXTargetDependency;
			target = 6B4B5F9F2D7D1114004104D5 /* MadnessChatBot */;
			targetProxy = 6B4B5FB12D7D1115004104D5 /* PBXContainerItemProxy */;
		};
		6B4B5FBC2D7D1115004104D5 /* PBXTargetDependency */ = {
			isa = PBXTargetDependency;
			target = 6B4B5F9F2D7D1114004104D5 /* MadnessChatBot */;
			targetProxy = 6B4B5FBB2D7D1115004104D5 /* PBXContainerItemProxy */;
		};
/* End PBXTargetDependency section */

/* Begin XCBuildConfiguration section */
		6B4B5FC22D7D1115004104D5 /* Debug */ = {
			isa = XCBuildConfiguration;
			buildSettings = {
				ALWAYS_SEARCH_USER_PATHS = NO;
				ASSETCATALOG_COMPILER_GENERATE_SWIFT_ASSET_SYMBOL_EXTENSIONS = YES;
				CLANG_ANALYZER_NONNULL = YES;
				CLANG_ANALYZER_NUMBER_OBJECT_CONVERSION = YES_AGGRESSIVE;
				CLANG_CXX_LANGUAGE_STANDARD = "gnu++20";
				CLANG_ENABLE_MODULES = YES;
				CLANG_ENABLE_OBJC_ARC = YES;
				CLANG_ENABLE_OBJC_WEAK = YES;
				CLANG_WARN_BLOCK_CAPTURE_AUTORELEASING = YES;
				CLANG_WARN_BOOL_CONVERSION = YES;
				CLANG_WARN_COMMA = YES;
				CLANG_WARN_CONSTANT_CONVERSION = YES;
				CLANG_WARN_DEPRECATED_OBJC_IMPLEMENTATIONS = YES;
				CLANG_WARN_DIRECT_OBJC_ISA_USAGE = YES_ERROR;
				CLANG_WARN_DOCUMENTATION_COMMENTS = YES;
				CLANG_WARN_EMPTY_BODY = YES;
				CLANG_WARN_ENUM_CONVERSION = YES;
				CLANG_WARN_INFINITE_RECURSION = YES;
				CLANG_WARN_INT_CONVERSION = YES;
				CLANG_WARN_NON_LITERAL_NULL_CONVERSION = YES;
				CLANG_WARN_OBJC_IMPLICIT_RETAIN_SELF = YES;
				CLANG_WARN_OBJC_LITERAL_CONVERSION = YES;
				CLANG_WARN_OBJC_ROOT_CLASS = YES_ERROR;
				CLANG_WARN_QUOTED_INCLUDE_IN_FRAMEWORK_HEADER = YES;
				CLANG_WARN_RANGE_LOOP_ANALYSIS = YES;
				CLANG_WARN_STRICT_PROTOTYPES = YES;
				CLANG_WARN_SUSPICIOUS_MOVE = YES;
				CLANG_WARN_UNGUARDED_AVAILABILITY = YES_AGGRESSIVE;
				CLANG_WARN_UNREACHABLE_CODE = YES;
				CLANG_WARN__DUPLICATE_METHOD_MATCH = YES;
				COPY_PHASE_STRIP = NO;
				DEBUG_INFORMATION_FORMAT = dwarf;
				ENABLE_STRICT_OBJC_MSGSEND = YES;
				ENABLE_TESTABILITY = YES;
				ENABLE_USER_SCRIPT_SANDBOXING = YES;
				GCC_C_LANGUAGE_STANDARD = gnu17;
				GCC_DYNAMIC_NO_PIC = NO;
				GCC_NO_COMMON_BLOCKS = YES;
				GCC_OPTIMIZATION_LEVEL = 0;
				GCC_PREPROCESSOR_DEFINITIONS = (
					"DEBUG=1",
					"$(inherited)",
				);
				GCC_WARN_64_TO_32_BIT_CONVERSION = YES;
				GCC_WARN_ABOUT_RETURN_TYPE = YES_ERROR;
				GCC_WARN_UNDECLARED_SELECTOR = YES;
				GCC_WARN_UNINITIALIZED_AUTOS = YES_AGGRESSIVE;
				GCC_WARN_UNUSED_FUNCTION = YES;
				GCC_WARN_UNUSED_VARIABLE = YES;
				IPHONEOS_DEPLOYMENT_TARGET = 18.2;
				LOCALIZATION_PREFERS_STRING_CATALOGS = YES;
				MTL_ENABLE_DEBUG_INFO = INCLUDE_SOURCE;
				MTL_FAST_MATH = YES;
				ONLY_ACTIVE_ARCH = YES;
				SDKROOT = iphoneos;
				SWIFT_ACTIVE_COMPILATION_CONDITIONS = "DEBUG $(inherited)";
				SWIFT_OPTIMIZATION_LEVEL = "-Onone";
			};
			name = Debug;
		};
		6B4B5FC32D7D1115004104D5 /* Release */ = {
			isa = XCBuildConfiguration;
			buildSettings = {
				ALWAYS_SEARCH_USER_PATHS = NO;
				ASSETCATALOG_COMPILER_GENERATE_SWIFT_ASSET_SYMBOL_EXTENSIONS = YES;
				CLANG_ANALYZER_NONNULL = YES;
				CLANG_ANALYZER_NUMBER_OBJECT_CONVERSION = YES_AGGRESSIVE;
				CLANG_CXX_LANGUAGE_STANDARD = "gnu++20";
				CLANG_ENABLE_MODULES = YES;
				CLANG_ENABLE_OBJC_ARC = YES;
				CLANG_ENABLE_OBJC_WEAK = YES;
				CLANG_WARN_BLOCK_CAPTURE_AUTORELEASING = YES;
				CLANG_WARN_BOOL_CONVERSION = YES;
				CLANG_WARN_COMMA = YES;
				CLANG_WARN_CONSTANT_CONVERSION = YES;
				CLANG_WARN_DEPRECATED_OBJC_IMPLEMENTATIONS = YES;
				CLANG_WARN_DIRECT_OBJC_ISA_USAGE = YES_ERROR;
				CLANG_WARN_DOCUMENTATION_COMMENTS = YES;
				CLANG_WARN_EMPTY_BODY = YES;
				CLANG_WARN_ENUM_CONVERSION = YES;
				CLANG_WARN_INFINITE_RECURSION = YES;
				CLANG_WARN_INT_CONVERSION = YES;
				CLANG_WARN_NON_LITERAL_NULL_CONVERSION = YES;
				CLANG_WARN_OBJC_IMPLICIT_RETAIN_SELF = YES;
				CLANG_WARN_OBJC_LITERAL_CONVERSION = YES;
				CLANG_WARN_OBJC_ROOT_CLASS = YES_ERROR;
				CLANG_WARN_QUOTED_INCLUDE_IN_FRAMEWORK_HEADER = YES;
				CLANG_WARN_RANGE_LOOP_ANALYSIS = YES;
				CLANG_WARN_STRICT_PROTOTYPES = YES;
				CLANG_WARN_SUSPICIOUS_MOVE = YES;
				CLANG_WARN_UNGUARDED_AVAILABILITY = YES_AGGRESSIVE;
				CLANG_WARN_UNREACHABLE_CODE = YES;
				CLANG_WARN__DUPLICATE_METHOD_MATCH = YES;
				COPY_PHASE_STRIP = NO;
				DEBUG_INFORMATION_FORMAT = "dwarf-with-dsym";
				ENABLE_NS_ASSERTIONS = NO;
				ENABLE_STRICT_OBJC_MSGSEND = YES;
				ENABLE_USER_SCRIPT_SANDBOXING = YES;
				GCC_C_LANGUAGE_STANDARD = gnu17;
				GCC_NO_COMMON_BLOCKS = YES;
				GCC_WARN_64_TO_32_BIT_CONVERSION = YES;
				GCC_WARN_ABOUT_RETURN_TYPE = YES_ERROR;
				GCC_WARN_UNDECLARED_SELECTOR = YES;
				GCC_WARN_UNINITIALIZED_AUTOS = YES_AGGRESSIVE;
				GCC_WARN_UNUSED_FUNCTION = YES;
				GCC_WARN_UNUSED_VARIABLE = YES;
				IPHONEOS_DEPLOYMENT_TARGET = 18.2;
				LOCALIZATION_PREFERS_STRING_CATALOGS = YES;
				MTL_ENABLE_DEBUG_INFO = NO;
				MTL_FAST_MATH = YES;
				SDKROOT = iphoneos;
				SWIFT_COMPILATION_MODE = wholemodule;
				VALIDATE_PRODUCT = YES;
			};
			name = Release;
		};
		6B4B5FC52D7D1115004104D5 /* Debug */ = {
			isa = XCBuildConfiguration;
			buildSettings = {
				ASSETCATALOG_COMPILER_APPICON_NAME = AppIcon;
				ASSETCATALOG_COMPILER_GLOBAL_ACCENT_COLOR_NAME = AccentColor;
				CODE_SIGN_STYLE = Automatic;
				CURRENT_PROJECT_VERSION = 1;
				DEVELOPMENT_ASSET_PATHS = "\"MadnessChatBot/Preview Content\"";
				ENABLE_PREVIEWS = YES;
				GENERATE_INFOPLIST_FILE = YES;
				INFOPLIST_KEY_UIApplicationSceneManifest_Generation = YES;
				INFOPLIST_KEY_UIApplicationSupportsIndirectInputEvents = YES;
				INFOPLIST_KEY_UILaunchScreen_Generation = YES;
				INFOPLIST_KEY_UISupportedInterfaceOrientations_iPad = "UIInterfaceOrientationPortrait UIInterfaceOrientationPortraitUpsideDown UIInterfaceOrientationLandscapeLeft UIInterfaceOrientationLandscapeRight";
				INFOPLIST_KEY_UISupportedInterfaceOrientations_iPhone = "UIInterfaceOrientationPortrait UIInterfaceOrientationLandscapeLeft UIInterfaceOrientationLandscapeRight";
				LD_RUNPATH_SEARCH_PATHS = (
					"$(inherited)",
					"@executable_path/Frameworks",
				);
				MARKETING_VERSION = 1.0;
				PRODUCT_BUNDLE_IDENTIFIER = "Woojin-Lim.MadnessChatBot";
				PRODUCT_NAME = "$(TARGET_NAME)";
				SWIFT_EMIT_LOC_STRINGS = YES;
				SWIFT_VERSION = 5.0;
				TARGETED_DEVICE_FAMILY = "1,2";
			};
			name = Debug;
		};
		6B4B5FC62D7D1115004104D5 /* Release */ = {
			isa = XCBuildConfiguration;
			buildSettings = {
				ASSETCATALOG_COMPILER_APPICON_NAME = AppIcon;
				ASSETCATALOG_COMPILER_GLOBAL_ACCENT_COLOR_NAME = AccentColor;
				CODE_SIGN_STYLE = Automatic;
				CURRENT_PROJECT_VERSION = 1;
				DEVELOPMENT_ASSET_PATHS = "\"MadnessChatBot/Preview Content\"";
				ENABLE_PREVIEWS = YES;
				GENERATE_INFOPLIST_FILE = YES;
				INFOPLIST_KEY_UIApplicationSceneManifest_Generation = YES;
				INFOPLIST_KEY_UIApplicationSupportsIndirectInputEvents = YES;
				INFOPLIST_KEY_UILaunchScreen_Generation = YES;
				INFOPLIST_KEY_UISupportedInterfaceOrientations_iPad = "UIInterfaceOrientationPortrait UIInterfaceOrientationPortraitUpsideDown UIInterfaceOrientationLandscapeLeft UIInterfaceOrientationLandscapeRight";
				INFOPLIST_KEY_UISupportedInterfaceOrientations_iPhone = "UIInterfaceOrientationPortrait UIInterfaceOrientationLandscapeLeft UIInterfaceOrientationLandscapeRight";
				LD_RUNPATH_SEARCH_PATHS = (
					"$(inherited)",
					"@executable_path/Frameworks",
				);
				MARKETING_VERSION = 1.0;
				PRODUCT_BUNDLE_IDENTIFIER = "Woojin-Lim.MadnessChatBot";
				PRODUCT_NAME = "$(TARGET_NAME)";
				SWIFT_EMIT_LOC_STRINGS = YES;
				SWIFT_VERSION = 5.0;
				TARGETED_DEVICE_FAMILY = "1,2";
			};
			name = Release;
		};
		6B4B5FC82D7D1115004104D5 /* Debug */ = {
			isa = XCBuildConfiguration;
			buildSettings = {
				BUNDLE_LOADER = "$(TEST_HOST)";
				CODE_SIGN_STYLE = Automatic;
				CURRENT_PROJECT_VERSION = 1;
				GENERATE_INFOPLIST_FILE = YES;
				IPHONEOS_DEPLOYMENT_TARGET = 18.2;
				MARKETING_VERSION = 1.0;
				PRODUCT_BUNDLE_IDENTIFIER = "Woojin-Lim.MadnessChatBotTests";
				PRODUCT_NAME = "$(TARGET_NAME)";
				SWIFT_EMIT_LOC_STRINGS = NO;
				SWIFT_VERSION = 5.0;
				TARGETED_DEVICE_FAMILY = "1,2";
				TEST_HOST = "$(BUILT_PRODUCTS_DIR)/MadnessChatBot.app/$(BUNDLE_EXECUTABLE_FOLDER_PATH)/MadnessChatBot";
			};
			name = Debug;
		};
		6B4B5FC92D7D1115004104D5 /* Release */ = {
			isa = XCBuildConfiguration;
			buildSettings = {
				BUNDLE_LOADER = "$(TEST_HOST)";
				CODE_SIGN_STYLE = Automatic;
				CURRENT_PROJECT_VERSION = 1;
				GENERATE_INFOPLIST_FILE = YES;
				IPHONEOS_DEPLOYMENT_TARGET = 18.2;
				MARKETING_VERSION = 1.0;
				PRODUCT_BUNDLE_IDENTIFIER = "Woojin-Lim.MadnessChatBotTests";
				PRODUCT_NAME = "$(TARGET_NAME)";
				SWIFT_EMIT_LOC_STRINGS = NO;
				SWIFT_VERSION = 5.0;
				TARGETED_DEVICE_FAMILY = "1,2";
				TEST_HOST = "$(BUILT_PRODUCTS_DIR)/MadnessChatBot.app/$(BUNDLE_EXECUTABLE_FOLDER_PATH)/MadnessChatBot";
			};
			name = Release;
		};
		6B4B5FCB2D7D1115004104D5 /* Debug */ = {
			isa = XCBuildConfiguration;
			buildSettings = {
				CODE_SIGN_STYLE = Automatic;
				CURRENT_PROJECT_VERSION = 1;
				GENERATE_INFOPLIST_FILE = YES;
				MARKETING_VERSION = 1.0;
				PRODUCT_BUNDLE_IDENTIFIER = "Woojin-Lim.MadnessChatBotUITests";
				PRODUCT_NAME = "$(TARGET_NAME)";
				SWIFT_EMIT_LOC_STRINGS = NO;
				SWIFT_VERSION = 5.0;
				TARGETED_DEVICE_FAMILY = "1,2";
				TEST_TARGET_NAME = MadnessChatBot;
			};
			name = Debug;
		};
		6B4B5FCC2D7D1115004104D5 /* Release */ = {
			isa = XCBuildConfiguration;
			buildSettings = {
				CODE_SIGN_STYLE = Automatic;
				CURRENT_PROJECT_VERSION = 1;
				GENERATE_INFOPLIST_FILE = YES;
				MARKETING_VERSION = 1.0;
				PRODUCT_BUNDLE_IDENTIFIER = "Woojin-Lim.MadnessChatBotUITests";
				PRODUCT_NAME = "$(TARGET_NAME)";
				SWIFT_EMIT_LOC_STRINGS = NO;
				SWIFT_VERSION = 5.0;
				TARGETED_DEVICE_FAMILY = "1,2";
				TEST_TARGET_NAME = MadnessChatBot;
			};
			name = Release;
		};
/* End XCBuildConfiguration section */

/* Begin XCConfigurationList section */
		6B4B5F9B2D7D1114004104D5 /* Build configuration list for PBXProject "MadnessChatBot" */ = {
			isa = XCConfigurationList;
			buildConfigurations = (
				6B4B5FC22D7D1115004104D5 /* Debug */,
				6B4B5FC32D7D1115004104D5 /* Release */,
			);
			defaultConfigurationIsVisible = 0;
			defaultConfigurationName = Release;
		};
		6B4B5FC42D7D1115004104D5 /* Build configuration list for PBXNativeTarget "MadnessChatBot" */ = {
			isa = XCConfigurationList;
			buildConfigurations = (
				6B4B5FC52D7D1115004104D5 /* Debug */,
				6B4B5FC62D7D1115004104D5 /* Release */,
			);
			defaultConfigurationIsVisible = 0;
			defaultConfigurationName = Release;
		};
		6B4B5FC72D7D1115004104D5 /* Build configuration list for PBXNativeTarget "MadnessChatBotTests" */ = {
			isa = XCConfigurationList;
			buildConfigurations = (
				6B4B5FC82D7D1115004104D5 /* Debug */,
				6B4B5FC92D7D1115004104D5 /* Release */,
			);
			defaultConfigurationIsVisible = 0;
			defaultConfigurationName = Release;
		};
		6B4B5FCA2D7D1115004104D5 /* Build configuration list for PBXNativeTarget "MadnessChatBotUITests" */ = {
			isa = XCConfigurationList;
			buildConfigurations = (
				6B4B5FCB2D7D1115004104D5 /* Debug */,
				6B4B5FCC2D7D1115004104D5 /* Release */,
			);
			defaultConfigurationIsVisible = 0;
			defaultConfigurationName = Release;
		};
/* End XCConfigurationList section */
	};
	rootObject = 6B4B5F982D7D1114004104D5 /* Project object */;
}
